// !$*UTF8*$!
{
	archiveVersion = 1;
	classes = {
	};
	objectVersion = 46;
	objects = {

/* Begin PBXBuildFile section */
		F6B52E131C45063B00C5AF0D /* main.m in Sources */ = {isa = PBXBuildFile; fileRef = F6B52E121C45063B00C5AF0D /* main.m */; };
		F6B52E161C45063B00C5AF0D /* AppDelegate.m in Sources */ = {isa = PBXBuildFile; fileRef = F6B52E151C45063B00C5AF0D /* AppDelegate.m */; };
		F6B52E1C1C45063B00C5AF0D /* Main.storyboard in Resources */ = {isa = PBXBuildFile; fileRef = F6B52E1A1C45063B00C5AF0D /* Main.storyboard */; };
		F6B52E1E1C45063B00C5AF0D /* Assets.xcassets in Resources */ = {isa = PBXBuildFile; fileRef = F6B52E1D1C45063B00C5AF0D /* Assets.xcassets */; };
		F6B52E211C45063B00C5AF0D /* LaunchScreen.storyboard in Resources */ = {isa = PBXBuildFile; fileRef = F6B52E1F1C45063B00C5AF0D /* LaunchScreen.storyboard */; };
		F6B52E291C451A2A00C5AF0D /* Images.xcassets in Resources */ = {isa = PBXBuildFile; fileRef = F6B52E281C451A2A00C5AF0D /* Images.xcassets */; };
		F6B52E2F1C451AD800C5AF0D /* RootViewController.m in Sources */ = {isa = PBXBuildFile; fileRef = F6B52E2E1C451AD800C5AF0D /* RootViewController.m */; };
		F6B52E361C451E9200C5AF0D /* HomeViewController.m in Sources */ = {isa = PBXBuildFile; fileRef = F6B52E351C451E9200C5AF0D /* HomeViewController.m */; };
		F6B52E391C451E9F00C5AF0D /* ServerViewController.m in Sources */ = {isa = PBXBuildFile; fileRef = F6B52E381C451E9F00C5AF0D /* ServerViewController.m */; };
		F6B52E3C1C451EAB00C5AF0D /* DiscoverViewController.m in Sources */ = {isa = PBXBuildFile; fileRef = F6B52E3B1C451EAB00C5AF0D /* DiscoverViewController.m */; };
		F6B52E3F1C451EB400C5AF0D /* AssetViewController.m in Sources */ = {isa = PBXBuildFile; fileRef = F6B52E3E1C451EB400C5AF0D /* AssetViewController.m */; };
		F6B52E431C4523EA00C5AF0D /* DiscoverBtn.m in Sources */ = {isa = PBXBuildFile; fileRef = F6B52E421C4523EA00C5AF0D /* DiscoverBtn.m */; };
		F6B52E4B1C45279800C5AF0D /* DiscoverHeaderView.m in Sources */ = {isa = PBXBuildFile; fileRef = F6B52E4A1C45279800C5AF0D /* DiscoverHeaderView.m */; };
		F6B52E4F1C45303B00C5AF0D /* CommonTableViewCell.m in Sources */ = {isa = PBXBuildFile; fileRef = F6B52E4E1C45303B00C5AF0D /* CommonTableViewCell.m */; };
		F6B52E521C45379100C5AF0D /* PlaceHolderVC.m in Sources */ = {isa = PBXBuildFile; fileRef = F6B52E511C45379100C5AF0D /* PlaceHolderVC.m */; };
		F6B52E551C453C6300C5AF0D /* CommonTableViewController.m in Sources */ = {isa = PBXBuildFile; fileRef = F6B52E541C453C6300C5AF0D /* CommonTableViewController.m */; };
		F6B52E581C453D9500C5AF0D /* CommonCellModel.m in Sources */ = {isa = PBXBuildFile; fileRef = F6B52E571C453D9500C5AF0D /* CommonCellModel.m */; };
		F6DA79FF1C466877001B5AC6 /* AssetheaderView.m in Sources */ = {isa = PBXBuildFile; fileRef = F6DA79FE1C466877001B5AC6 /* AssetheaderView.m */; };
		F6DA7A021C466896001B5AC6 /* AssetheaderView.xib in Resources */ = {isa = PBXBuildFile; fileRef = F6DA7A011C466896001B5AC6 /* AssetheaderView.xib */; };
		F6DA7A041C46776D001B5AC6 /* appIcon.png in Resources */ = {isa = PBXBuildFile; fileRef = F6DA7A031C46776D001B5AC6 /* appIcon.png */; };
		F6DA7A081C468DD3001B5AC6 /* ServerTableViewCell.m in Sources */ = {isa = PBXBuildFile; fileRef = F6DA7A061C468DD3001B5AC6 /* ServerTableViewCell.m */; };
		F6DA7A091C468DD3001B5AC6 /* ServerTableViewCell.xib in Resources */ = {isa = PBXBuildFile; fileRef = F6DA7A071C468DD3001B5AC6 /* ServerTableViewCell.xib */; };
		F6DA7A0D1C469EFC001B5AC6 /* ServerCollectionViewCell.m in Sources */ = {isa = PBXBuildFile; fileRef = F6DA7A0B1C469EFC001B5AC6 /* ServerCollectionViewCell.m */; };
		F6DA7A0E1C469EFC001B5AC6 /* ServerCollectionViewCell.xib in Resources */ = {isa = PBXBuildFile; fileRef = F6DA7A0C1C469EFC001B5AC6 /* ServerCollectionViewCell.xib */; };
/* End PBXBuildFile section */

/* Begin PBXFileReference section */
		F6B52E0E1C45063B00C5AF0D /* ALiPay.app */ = {isa = PBXFileReference; explicitFileType = wrapper.application; includeInIndex = 0; path = ALiPay.app; sourceTree = BUILT_PRODUCTS_DIR; };
		F6B52E121C45063B00C5AF0D /* main.m */ = {isa = PBXFileReference; lastKnownFileType = sourcecode.c.objc; path = main.m; sourceTree = "<group>"; };
		F6B52E141C45063B00C5AF0D /* AppDelegate.h */ = {isa = PBXFileReference; lastKnownFileType = sourcecode.c.h; path = AppDelegate.h; sourceTree = "<group>"; };
		F6B52E151C45063B00C5AF0D /* AppDelegate.m */ = {isa = PBXFileReference; lastKnownFileType = sourcecode.c.objc; path = AppDelegate.m; sourceTree = "<group>"; };
		F6B52E1B1C45063B00C5AF0D /* Base */ = {isa = PBXFileReference; lastKnownFileType = file.storyboard; name = Base; path = Base.lproj/Main.storyboard; sourceTree = "<group>"; };
		F6B52E1D1C45063B00C5AF0D /* Assets.xcassets */ = {isa = PBXFileReference; lastKnownFileType = folder.assetcatalog; path = Assets.xcassets; sourceTree = "<group>"; };
		F6B52E201C45063B00C5AF0D /* Base */ = {isa = PBXFileReference; lastKnownFileType = file.storyboard; name = Base; path = Base.lproj/LaunchScreen.storyboard; sourceTree = "<group>"; };
		F6B52E221C45063B00C5AF0D /* Info.plist */ = {isa = PBXFileReference; lastKnownFileType = text.plist.xml; path = Info.plist; sourceTree = "<group>"; };
		F6B52E281C451A2A00C5AF0D /* Images.xcassets */ = {isa = PBXFileReference; lastKnownFileType = folder.assetcatalog; path = Images.xcassets; sourceTree = "<group>"; };
		F6B52E2D1C451AD800C5AF0D /* RootViewController.h */ = {isa = PBXFileReference; fileEncoding = 4; lastKnownFileType = sourcecode.c.h; path = RootViewController.h; sourceTree = "<group>"; };
		F6B52E2E1C451AD800C5AF0D /* RootViewController.m */ = {isa = PBXFileReference; fileEncoding = 4; lastKnownFileType = sourcecode.c.objc; path = RootViewController.m; sourceTree = "<group>"; };
		F6B52E341C451E9200C5AF0D /* HomeViewController.h */ = {isa = PBXFileReference; fileEncoding = 4; lastKnownFileType = sourcecode.c.h; path = HomeViewController.h; sourceTree = "<group>"; };
		F6B52E351C451E9200C5AF0D /* HomeViewController.m */ = {isa = PBXFileReference; fileEncoding = 4; lastKnownFileType = sourcecode.c.objc; path = HomeViewController.m; sourceTree = "<group>"; };
		F6B52E371C451E9F00C5AF0D /* ServerViewController.h */ = {isa = PBXFileReference; fileEncoding = 4; lastKnownFileType = sourcecode.c.h; path = ServerViewController.h; sourceTree = "<group>"; };
		F6B52E381C451E9F00C5AF0D /* ServerViewController.m */ = {isa = PBXFileReference; fileEncoding = 4; lastKnownFileType = sourcecode.c.objc; path = ServerViewController.m; sourceTree = "<group>"; };
		F6B52E3A1C451EAB00C5AF0D /* DiscoverViewController.h */ = {isa = PBXFileReference; fileEncoding = 4; lastKnownFileType = sourcecode.c.h; path = DiscoverViewController.h; sourceTree = "<group>"; };
		F6B52E3B1C451EAB00C5AF0D /* DiscoverViewController.m */ = {isa = PBXFileReference; fileEncoding = 4; lastKnownFileType = sourcecode.c.objc; path = DiscoverViewController.m; sourceTree = "<group>"; };
		F6B52E3D1C451EB400C5AF0D /* AssetViewController.h */ = {isa = PBXFileReference; fileEncoding = 4; lastKnownFileType = sourcecode.c.h; path = AssetViewController.h; sourceTree = "<group>"; };
		F6B52E3E1C451EB400C5AF0D /* AssetViewController.m */ = {isa = PBXFileReference; fileEncoding = 4; lastKnownFileType = sourcecode.c.objc; path = AssetViewController.m; sourceTree = "<group>"; };
		F6B52E411C4523EA00C5AF0D /* DiscoverBtn.h */ = {isa = PBXFileReference; fileEncoding = 4; lastKnownFileType = sourcecode.c.h; path = DiscoverBtn.h; sourceTree = "<group>"; };
		F6B52E421C4523EA00C5AF0D /* DiscoverBtn.m */ = {isa = PBXFileReference; fileEncoding = 4; lastKnownFileType = sourcecode.c.objc; path = DiscoverBtn.m; sourceTree = "<group>"; };
		F6B52E491C45279800C5AF0D /* DiscoverHeaderView.h */ = {isa = PBXFileReference; fileEncoding = 4; lastKnownFileType = sourcecode.c.h; path = DiscoverHeaderView.h; sourceTree = "<group>"; };
		F6B52E4A1C45279800C5AF0D /* DiscoverHeaderView.m */ = {isa = PBXFileReference; fileEncoding = 4; lastKnownFileType = sourcecode.c.objc; path = DiscoverHeaderView.m; sourceTree = "<group>"; };
		F6B52E4D1C45303B00C5AF0D /* CommonTableViewCell.h */ = {isa = PBXFileReference; fileEncoding = 4; lastKnownFileType = sourcecode.c.h; path = CommonTableViewCell.h; sourceTree = "<group>"; };
		F6B52E4E1C45303B00C5AF0D /* CommonTableViewCell.m */ = {isa = PBXFileReference; fileEncoding = 4; lastKnownFileType = sourcecode.c.objc; path = CommonTableViewCell.m; sourceTree = "<group>"; };
		F6B52E501C45379100C5AF0D /* PlaceHolderVC.h */ = {isa = PBXFileReference; fileEncoding = 4; lastKnownFileType = sourcecode.c.h; path = PlaceHolderVC.h; sourceTree = "<group>"; };
		F6B52E511C45379100C5AF0D /* PlaceHolderVC.m */ = {isa = PBXFileReference; fileEncoding = 4; lastKnownFileType = sourcecode.c.objc; path = PlaceHolderVC.m; sourceTree = "<group>"; };
		F6B52E531C453C6300C5AF0D /* CommonTableViewController.h */ = {isa = PBXFileReference; fileEncoding = 4; lastKnownFileType = sourcecode.c.h; path = CommonTableViewController.h; sourceTree = "<group>"; };
		F6B52E541C453C6300C5AF0D /* CommonTableViewController.m */ = {isa = PBXFileReference; fileEncoding = 4; lastKnownFileType = sourcecode.c.objc; path = CommonTableViewController.m; sourceTree = "<group>"; };
		F6B52E561C453D9500C5AF0D /* CommonCellModel.h */ = {isa = PBXFileReference; fileEncoding = 4; lastKnownFileType = sourcecode.c.h; path = CommonCellModel.h; sourceTree = "<group>"; };
		F6B52E571C453D9500C5AF0D /* CommonCellModel.m */ = {isa = PBXFileReference; fileEncoding = 4; lastKnownFileType = sourcecode.c.objc; path = CommonCellModel.m; sourceTree = "<group>"; };
		F6DA79FD1C466877001B5AC6 /* AssetheaderView.h */ = {isa = PBXFileReference; fileEncoding = 4; lastKnownFileType = sourcecode.c.h; path = AssetheaderView.h; sourceTree = "<group>"; };
		F6DA79FE1C466877001B5AC6 /* AssetheaderView.m */ = {isa = PBXFileReference; fileEncoding = 4; lastKnownFileType = sourcecode.c.objc; path = AssetheaderView.m; sourceTree = "<group>"; };
		F6DA7A011C466896001B5AC6 /* AssetheaderView.xib */ = {isa = PBXFileReference; fileEncoding = 4; lastKnownFileType = file.xib; path = AssetheaderView.xib; sourceTree = "<group>"; };
		F6DA7A031C46776D001B5AC6 /* appIcon.png */ = {isa = PBXFileReference; lastKnownFileType = image.png; path = appIcon.png; sourceTree = "<group>"; };
		F6DA7A051C468DD3001B5AC6 /* ServerTableViewCell.h */ = {isa = PBXFileReference; fileEncoding = 4; lastKnownFileType = sourcecode.c.h; path = ServerTableViewCell.h; sourceTree = "<group>"; };
		F6DA7A061C468DD3001B5AC6 /* ServerTableViewCell.m */ = {isa = PBXFileReference; fileEncoding = 4; lastKnownFileType = sourcecode.c.objc; path = ServerTableViewCell.m; sourceTree = "<group>"; };
		F6DA7A071C468DD3001B5AC6 /* ServerTableViewCell.xib */ = {isa = PBXFileReference; fileEncoding = 4; lastKnownFileType = file.xib; path = ServerTableViewCell.xib; sourceTree = "<group>"; };
		F6DA7A0A1C469EFC001B5AC6 /* ServerCollectionViewCell.h */ = {isa = PBXFileReference; fileEncoding = 4; lastKnownFileType = sourcecode.c.h; path = ServerCollectionViewCell.h; sourceTree = "<group>"; };
		F6DA7A0B1C469EFC001B5AC6 /* ServerCollectionViewCell.m */ = {isa = PBXFileReference; fileEncoding = 4; lastKnownFileType = sourcecode.c.objc; path = ServerCollectionViewCell.m; sourceTree = "<group>"; };
		F6DA7A0C1C469EFC001B5AC6 /* ServerCollectionViewCell.xib */ = {isa = PBXFileReference; fileEncoding = 4; lastKnownFileType = file.xib; path = ServerCollectionViewCell.xib; sourceTree = "<group>"; };
/* End PBXFileReference section */

/* Begin PBXFrameworksBuildPhase section */
		F6B52E0B1C45063B00C5AF0D /* Frameworks */ = {
			isa = PBXFrameworksBuildPhase;
			buildActionMask = 2147483647;
			files = (
			);
			runOnlyForDeploymentPostprocessing = 0;
		};
/* End PBXFrameworksBuildPhase section */

/* Begin PBXGroup section */
		F6B52E051C45063B00C5AF0D = {
			isa = PBXGroup;
			children = (
				F6B52E101C45063B00C5AF0D /* ALiPay */,
				F6B52E0F1C45063B00C5AF0D /* Products */,
			);
			sourceTree = "<group>";
		};
		F6B52E0F1C45063B00C5AF0D /* Products */ = {
			isa = PBXGroup;
			children = (
				F6B52E0E1C45063B00C5AF0D /* ALiPay.app */,
			);
			name = Products;
			sourceTree = "<group>";
		};
		F6B52E101C45063B00C5AF0D /* ALiPay */ = {
			isa = PBXGroup;
			children = (
				F6B52E2A1C451A9300C5AF0D /* Classes */,
				F6B52E111C45063B00C5AF0D /* Supporting Files */,
			);
			path = ALiPay;
			sourceTree = "<group>";
		};
		F6B52E111C45063B00C5AF0D /* Supporting Files */ = {
			isa = PBXGroup;
			children = (
				F6B52E281C451A2A00C5AF0D /* Images.xcassets */,
				F6DA7A031C46776D001B5AC6 /* appIcon.png */,
				F6B52E1A1C45063B00C5AF0D /* Main.storyboard */,
				F6B52E1D1C45063B00C5AF0D /* Assets.xcassets */,
				F6B52E1F1C45063B00C5AF0D /* LaunchScreen.storyboard */,
				F6B52E221C45063B00C5AF0D /* Info.plist */,
				F6B52E121C45063B00C5AF0D /* main.m */,
			);
			name = "Supporting Files";
			sourceTree = "<group>";
		};
		F6B52E2A1C451A9300C5AF0D /* Classes */ = {
			isa = PBXGroup;
			children = (
				F6B52E4C1C45301C00C5AF0D /* Common */,
				F6B52E2B1C451A9D00C5AF0D /* AppDelegate */,
				F6B52E2C1C451AAF00C5AF0D /* Main */,
				F6B52E301C451CCE00C5AF0D /* Home */,
				F6B52E311C451CE800C5AF0D /* Server */,
				F6B52E321C451D0500C5AF0D /* Discover */,
				F6B52E331C451D1000C5AF0D /* Assets */,
			);
			name = Classes;
			sourceTree = "<group>";
		};
		F6B52E2B1C451A9D00C5AF0D /* AppDelegate */ = {
			isa = PBXGroup;
			children = (
				F6B52E141C45063B00C5AF0D /* AppDelegate.h */,
				F6B52E151C45063B00C5AF0D /* AppDelegate.m */,
			);
			name = AppDelegate;
			sourceTree = "<group>";
		};
		F6B52E2C1C451AAF00C5AF0D /* Main */ = {
			isa = PBXGroup;
			children = (
				F6B52E501C45379100C5AF0D /* PlaceHolderVC.h */,
				F6B52E511C45379100C5AF0D /* PlaceHolderVC.m */,
				F6B52E2D1C451AD800C5AF0D /* RootViewController.h */,
				F6B52E2E1C451AD800C5AF0D /* RootViewController.m */,
			);
			name = Main;
			sourceTree = "<group>";
		};
		F6B52E301C451CCE00C5AF0D /* Home */ = {
			isa = PBXGroup;
			children = (
				F6B52E341C451E9200C5AF0D /* HomeViewController.h */,
				F6B52E351C451E9200C5AF0D /* HomeViewController.m */,
			);
			name = Home;
			sourceTree = "<group>";
		};
		F6B52E311C451CE800C5AF0D /* Server */ = {
			isa = PBXGroup;
			children = (
				F6B52E371C451E9F00C5AF0D /* ServerViewController.h */,
				F6B52E381C451E9F00C5AF0D /* ServerViewController.m */,
				F6DA7A051C468DD3001B5AC6 /* ServerTableViewCell.h */,
				F6DA7A061C468DD3001B5AC6 /* ServerTableViewCell.m */,
				F6DA7A071C468DD3001B5AC6 /* ServerTableViewCell.xib */,
				F6DA7A0A1C469EFC001B5AC6 /* ServerCollectionViewCell.h */,
				F6DA7A0B1C469EFC001B5AC6 /* ServerCollectionViewCell.m */,
				F6DA7A0C1C469EFC001B5AC6 /* ServerCollectionViewCell.xib */,
			);
			name = Server;
			sourceTree = "<group>";
		};
		F6B52E321C451D0500C5AF0D /* Discover */ = {
			isa = PBXGroup;
			children = (
				F6B52E481C45277000C5AF0D /* DiscoverHeaderView */,
				F6B52E401C4523D200C5AF0D /* DiscoverBtn */,
				F6B52E3A1C451EAB00C5AF0D /* DiscoverViewController.h */,
				F6B52E3B1C451EAB00C5AF0D /* DiscoverViewController.m */,
			);
			name = Discover;
			sourceTree = "<group>";
		};
		F6B52E331C451D1000C5AF0D /* Assets */ = {
			isa = PBXGroup;
			children = (
				F6DA79FC1C466825001B5AC6 /* AssetsHeaderView */,
				F6B52E3D1C451EB400C5AF0D /* AssetViewController.h */,
				F6B52E3E1C451EB400C5AF0D /* AssetViewController.m */,
			);
			name = Assets;
			sourceTree = "<group>";
		};
		F6B52E401C4523D200C5AF0D /* DiscoverBtn */ = {
			isa = PBXGroup;
			children = (
				F6B52E411C4523EA00C5AF0D /* DiscoverBtn.h */,
				F6B52E421C4523EA00C5AF0D /* DiscoverBtn.m */,
			);
			name = DiscoverBtn;
			sourceTree = "<group>";
		};
		F6B52E481C45277000C5AF0D /* DiscoverHeaderView */ = {
			isa = PBXGroup;
			children = (
				F6B52E491C45279800C5AF0D /* DiscoverHeaderView.h */,
				F6B52E4A1C45279800C5AF0D /* DiscoverHeaderView.m */,
			);
			name = DiscoverHeaderView;
			sourceTree = "<group>";
		};
		F6B52E4C1C45301C00C5AF0D /* Common */ = {
			isa = PBXGroup;
			children = (
				F6B52E4D1C45303B00C5AF0D /* CommonTableViewCell.h */,
				F6B52E4E1C45303B00C5AF0D /* CommonTableViewCell.m */,
				F6B52E531C453C6300C5AF0D /* CommonTableViewController.h */,
				F6B52E541C453C6300C5AF0D /* CommonTableViewController.m */,
				F6B52E561C453D9500C5AF0D /* CommonCellModel.h */,
				F6B52E571C453D9500C5AF0D /* CommonCellModel.m */,
			);
			name = Common;
			sourceTree = "<group>";
		};
		F6DA79FC1C466825001B5AC6 /* AssetsHeaderView */ = {
			isa = PBXGroup;
			children = (
				F6DA79FD1C466877001B5AC6 /* AssetheaderView.h */,
				F6DA79FE1C466877001B5AC6 /* AssetheaderView.m */,
				F6DA7A011C466896001B5AC6 /* AssetheaderView.xib */,
			);
			name = AssetsHeaderView;
			sourceTree = "<group>";
		};
/* End PBXGroup section */

/* Begin PBXNativeTarget section */
		F6B52E0D1C45063B00C5AF0D /* ALiPay */ = {
			isa = PBXNativeTarget;
			buildConfigurationList = F6B52E251C45063B00C5AF0D /* Build configuration list for PBXNativeTarget "ALiPay" */;
			buildPhases = (
				F6B52E0A1C45063B00C5AF0D /* Sources */,
				F6B52E0B1C45063B00C5AF0D /* Frameworks */,
				F6B52E0C1C45063B00C5AF0D /* Resources */,
			);
			buildRules = (
			);
			dependencies = (
			);
			name = ALiPay;
			productName = ALiPay;
			productReference = F6B52E0E1C45063B00C5AF0D /* ALiPay.app */;
			productType = "com.apple.product-type.application";
		};
/* End PBXNativeTarget section */

/* Begin PBXProject section */
		F6B52E061C45063B00C5AF0D /* Project object */ = {
			isa = PBXProject;
			attributes = {
				LastUpgradeCheck = 0710;
				ORGANIZATIONNAME = wey;
				TargetAttributes = {
					F6B52E0D1C45063B00C5AF0D = {
						CreatedOnToolsVersion = 7.1;
					};
				};
			};
			buildConfigurationList = F6B52E091C45063B00C5AF0D /* Build configuration list for PBXProject "ALiPay" */;
			compatibilityVersion = "Xcode 3.2";
			developmentRegion = English;
			hasScannedForEncodings = 0;
			knownRegions = (
				en,
				Base,
			);
			mainGroup = F6B52E051C45063B00C5AF0D;
			productRefGroup = F6B52E0F1C45063B00C5AF0D /* Products */;
			projectDirPath = "";
			projectRoot = "";
			targets = (
				F6B52E0D1C45063B00C5AF0D /* ALiPay */,
			);
		};
/* End PBXProject section */

/* Begin PBXResourcesBuildPhase section */
		F6B52E0C1C45063B00C5AF0D /* Resources */ = {
			isa = PBXResourcesBuildPhase;
			buildActionMask = 2147483647;
			files = (
				F6DA7A091C468DD3001B5AC6 /* ServerTableViewCell.xib in Resources */,
				F6B52E211C45063B00C5AF0D /* LaunchScreen.storyboard in Resources */,
				F6DA7A021C466896001B5AC6 /* AssetheaderView.xib in Resources */,
				F6DA7A0E1C469EFC001B5AC6 /* ServerCollectionViewCell.xib in Resources */,
				F6DA7A041C46776D001B5AC6 /* appIcon.png in Resources */,
				F6B52E291C451A2A00C5AF0D /* Images.xcassets in Resources */,
				F6B52E1E1C45063B00C5AF0D /* Assets.xcassets in Resources */,
				F6B52E1C1C45063B00C5AF0D /* Main.storyboard in Resources */,
			);
			runOnlyForDeploymentPostprocessing = 0;
		};
/* End PBXResourcesBuildPhase section */

/* Begin PBXSourcesBuildPhase section */
		F6B52E0A1C45063B00C5AF0D /* Sources */ = {
			isa = PBXSourcesBuildPhase;
			buildActionMask = 2147483647;
			files = (
				F6DA79FF1C466877001B5AC6 /* AssetheaderView.m in Sources */,
				F6DA7A081C468DD3001B5AC6 /* ServerTableViewCell.m in Sources */,
				F6B52E521C45379100C5AF0D /* PlaceHolderVC.m in Sources */,
				F6DA7A0D1C469EFC001B5AC6 /* ServerCollectionViewCell.m in Sources */,
				F6B52E161C45063B00C5AF0D /* AppDelegate.m in Sources */,
				F6B52E551C453C6300C5AF0D /* CommonTableViewController.m in Sources */,
				F6B52E3C1C451EAB00C5AF0D /* DiscoverViewController.m in Sources */,
				F6B52E4F1C45303B00C5AF0D /* CommonTableViewCell.m in Sources */,
				F6B52E4B1C45279800C5AF0D /* DiscoverHeaderView.m in Sources */,
				F6B52E3F1C451EB400C5AF0D /* AssetViewController.m in Sources */,
				F6B52E431C4523EA00C5AF0D /* DiscoverBtn.m in Sources */,
				F6B52E131C45063B00C5AF0D /* main.m in Sources */,
				F6B52E2F1C451AD800C5AF0D /* RootViewController.m in Sources */,
				F6B52E361C451E9200C5AF0D /* HomeViewController.m in Sources */,
				F6B52E581C453D9500C5AF0D /* CommonCellModel.m in Sources */,
				F6B52E391C451E9F00C5AF0D /* ServerViewController.m in Sources */,
			);
			runOnlyForDeploymentPostprocessing = 0;
		};
/* End PBXSourcesBuildPhase section */

/* Begin PBXVariantGroup section */
		F6B52E1A1C45063B00C5AF0D /* Main.storyboard */ = {
			isa = PBXVariantGroup;
			children = (
				F6B52E1B1C45063B00C5AF0D /* Base */,
			);
			name = Main.storyboard;
			sourceTree = "<group>";
		};
		F6B52E1F1C45063B00C5AF0D /* LaunchScreen.storyboard */ = {
			isa = PBXVariantGroup;
			children = (
				F6B52E201C45063B00C5AF0D /* Base */,
			);
			name = LaunchScreen.storyboard;
			sourceTree = "<group>";
		};
/* End PBXVariantGroup section */

/* Begin XCBuildConfiguration section */
		F6B52E231C45063B00C5AF0D /* Debug */ = {
			isa = XCBuildConfiguration;
			buildSettings = {
				ALWAYS_SEARCH_USER_PATHS = NO;
				CLANG_CXX_LANGUAGE_STANDARD = "gnu++0x";
				CLANG_CXX_LIBRARY = "libc++";
				CLANG_ENABLE_MODULES = YES;
				CLANG_ENABLE_OBJC_ARC = YES;
				CLANG_WARN_BOOL_CONVERSION = YES;
				CLANG_WARN_CONSTANT_CONVERSION = YES;
				CLANG_WARN_DIRECT_OBJC_ISA_USAGE = YES_ERROR;
				CLANG_WARN_EMPTY_BODY = YES;
				CLANG_WARN_ENUM_CONVERSION = YES;
				CLANG_WARN_INT_CONVERSION = YES;
				CLANG_WARN_OBJC_ROOT_CLASS = YES_ERROR;
				CLANG_WARN_UNREACHABLE_CODE = YES;
				CLANG_WARN__DUPLICATE_METHOD_MATCH = YES;
				"CODE_SIGN_IDENTITY[sdk=iphoneos*]" = "iPhone Developer";
				COPY_PHASE_STRIP = NO;
				DEBUG_INFORMATION_FORMAT = dwarf;
				ENABLE_STRICT_OBJC_MSGSEND = YES;
				ENABLE_TESTABILITY = YES;
				GCC_C_LANGUAGE_STANDARD = gnu99;
				GCC_DYNAMIC_NO_PIC = NO;
				GCC_NO_COMMON_BLOCKS = YES;
				GCC_OPTIMIZATION_LEVEL = 0;
				GCC_PREPROCESSOR_DEFINITIONS = (
					"DEBUG=1",
					"$(inherited)",
				);
				GCC_WARN_64_TO_32_BIT_CONVERSION = YES;
				GCC_WARN_ABOUT_RETURN_TYPE = YES_ERROR;
				GCC_WARN_UNDECLARED_SELECTOR = YES;
				GCC_WARN_UNINITIALIZED_AUTOS = YES_AGGRESSIVE;
				GCC_WARN_UNUSED_FUNCTION = YES;
				GCC_WARN_UNUSED_VARIABLE = YES;
				IPHONEOS_DEPLOYMENT_TARGET = 9.1;
				MTL_ENABLE_DEBUG_INFO = YES;
				ONLY_ACTIVE_ARCH = YES;
				SDKROOT = iphoneos;
			};
			name = Debug;
		};
		F6B52E241C45063B00C5AF0D /* Release */ = {
			isa = XCBuildConfiguration;
			buildSettings = {
				ALWAYS_SEARCH_USER_PATHS = NO;
				CLANG_CXX_LANGUAGE_STANDARD = "gnu++0x";
				CLANG_CXX_LIBRARY = "libc++";
				CLANG_ENABLE_MODULES = YES;
				CLANG_ENABLE_OBJC_ARC = YES;
				CLANG_WARN_BOOL_CONVERSION = YES;
				CLANG_WARN_CONSTANT_CONVERSION = YES;
				CLANG_WARN_DIRECT_OBJC_ISA_USAGE = YES_ERROR;
				CLANG_WARN_EMPTY_BODY = YES;
				CLANG_WARN_ENUM_CONVERSION = YES;
				CLANG_WARN_INT_CONVERSION = YES;
				CLANG_WARN_OBJC_ROOT_CLASS = YES_ERROR;
				CLANG_WARN_UNREACHABLE_CODE = YES;
				CLANG_WARN__DUPLICATE_METHOD_MATCH = YES;
				"CODE_SIGN_IDENTITY[sdk=iphoneos*]" = "iPhone Developer";
				COPY_PHASE_STRIP = NO;
				DEBUG_INFORMATION_FORMAT = "dwarf-with-dsym";
				ENABLE_NS_ASSERTIONS = NO;
				ENABLE_STRICT_OBJC_MSGSEND = YES;
				GCC_C_LANGUAGE_STANDARD = gnu99;
				GCC_NO_COMMON_BLOCKS = YES;
				GCC_WARN_64_TO_32_BIT_CONVERSION = YES;
				GCC_WARN_ABOUT_RETURN_TYPE = YES_ERROR;
				GCC_WARN_UNDECLARED_SELECTOR = YES;
				GCC_WARN_UNINITIALIZED_AUTOS = YES_AGGRESSIVE;
				GCC_WARN_UNUSED_FUNCTION = YES;
				GCC_WARN_UNUSED_VARIABLE = YES;
				IPHONEOS_DEPLOYMENT_TARGET = 9.1;
				MTL_ENABLE_DEBUG_INFO = NO;
				SDKROOT = iphoneos;
				VALIDATE_PRODUCT = YES;
			};
			name = Release;
		};
		F6B52E261C45063B00C5AF0D /* Debug */ = {
			isa = XCBuildConfiguration;
			buildSettings = {
				ASSETCATALOG_COMPILER_APPICON_NAME = AppIcon;
				ASSETCATALOG_COMPILER_LAUNCHIMAGE_NAME = LaunchImage;
				INFOPLIST_FILE = ALiPay/Info.plist;
				LD_RUNPATH_SEARCH_PATHS = "$(inherited) @executable_path/Frameworks";
				PRODUCT_BUNDLE_IDENTIFIER = com.yukon.ALiPay;
				PRODUCT_NAME = "$(TARGET_NAME)";
			};
			name = Debug;
		};
		F6B52E271C45063B00C5AF0D /* Release */ = {
			isa = XCBuildConfiguration;
			buildSettings = {
				ASSETCATALOG_COMPILER_APPICON_NAME = AppIcon;
				ASSETCATALOG_COMPILER_LAUNCHIMAGE_NAME = LaunchImage;
				INFOPLIST_FILE = ALiPay/Info.plist;
				LD_RUNPATH_SEARCH_PATHS = "$(inherited) @executable_path/Frameworks";
				PRODUCT_BUNDLE_IDENTIFIER = com.yukon.ALiPay;
				PRODUCT_NAME = "$(TARGET_NAME)";
			};
			name = Release;
		};
/* End XCBuildConfiguration section */

/* Begin XCConfigurationList section */
		F6B52E091C45063B00C5AF0D /* Build configuration list for PBXProject "ALiPay" */ = {
			isa = XCConfigurationList;
			buildConfigurations = (
				F6B52E231C45063B00C5AF0D /* Debug */,
				F6B52E241C45063B00C5AF0D /* Release */,
			);
			defaultConfigurationIsVisible = 0;
			defaultConfigurationName = Release;
		};
		F6B52E251C45063B00C5AF0D /* Build configuration list for PBXNativeTarget "ALiPay" */ = {
			isa = XCConfigurationList;
			buildConfigurations = (
				F6B52E261C45063B00C5AF0D /* Debug */,
				F6B52E271C45063B00C5AF0D /* Release */,
			);
			defaultConfigurationIsVisible = 0;
			defaultConfigurationName = Release;
		};
/* End XCConfigurationList section */
	};
	rootObject = F6B52E061C45063B00C5AF0D /* Project object */;
}
